{
  "version": 4,
  "terraform_version": "0.14.9",
  "serial": 27,
  "lineage": "5fdb440f-25e4-7536-eefd-83032720172b",
  "outputs": {},
  "resources": [
    {
      "mode": "data",
      "type": "google_compute_network",
      "name": "network",
      "provider": "provider[\"registry.terraform.io/hashicorp/google\"]",
      "instances": [
        {
          "schema_version": 0,
          "attributes": {
            "description": "Default network for the project",
            "gateway_ipv4": "",
            "id": "projects/regal-fortress-311412/global/networks/default",
            "name": "default",
            "project": null,
            "self_link": "https://www.googleapis.com/compute/v1/projects/regal-fortress-311412/global/networks/default",
            "subnetworks_self_links": [
              "https://www.googleapis.com/compute/v1/projects/regal-fortress-311412/regions/europe-west1/subnetworks/default",
              "https://www.googleapis.com/compute/v1/projects/regal-fortress-311412/regions/asia-east1/subnetworks/default",
              "https://www.googleapis.com/compute/v1/projects/regal-fortress-311412/regions/us-east4/subnetworks/default",
              "https://www.googleapis.com/compute/v1/projects/regal-fortress-311412/regions/europe-west6/subnetworks/default",
              "https://www.googleapis.com/compute/v1/projects/regal-fortress-311412/regions/asia-northeast1/subnetworks/default",
              "https://www.googleapis.com/compute/v1/projects/regal-fortress-311412/regions/asia-southeast1/subnetworks/default",
              "https://www.googleapis.com/compute/v1/projects/regal-fortress-311412/regions/us-west2/subnetworks/default",
              "https://www.googleapis.com/compute/v1/projects/regal-fortress-311412/regions/asia-northeast3/subnetworks/default",
              "https://www.googleapis.com/compute/v1/projects/regal-fortress-311412/regions/asia-east2/subnetworks/default",
              "https://www.googleapis.com/compute/v1/projects/regal-fortress-311412/regions/northamerica-northeast1/subnetworks/default",
              "https://www.googleapis.com/compute/v1/projects/regal-fortress-311412/regions/europe-west4/subnetworks/default",
              "https://www.googleapis.com/compute/v1/projects/regal-fortress-311412/regions/europe-north1/subnetworks/default",
              "https://www.googleapis.com/compute/v1/projects/regal-fortress-311412/regions/asia-northeast2/subnetworks/default",
              "https://www.googleapis.com/compute/v1/projects/regal-fortress-311412/regions/us-east1/subnetworks/default",
              "https://www.googleapis.com/compute/v1/projects/regal-fortress-311412/regions/asia-south1/subnetworks/default",
              "https://www.googleapis.com/compute/v1/projects/regal-fortress-311412/regions/us-west1/subnetworks/default",
              "https://www.googleapis.com/compute/v1/projects/regal-fortress-311412/regions/southamerica-east1/subnetworks/default",
              "https://www.googleapis.com/compute/v1/projects/regal-fortress-311412/regions/us-west4/subnetworks/default",
              "https://www.googleapis.com/compute/v1/projects/regal-fortress-311412/regions/asia-southeast2/subnetworks/default",
              "https://www.googleapis.com/compute/v1/projects/regal-fortress-311412/regions/europe-west2/subnetworks/default",
              "https://www.googleapis.com/compute/v1/projects/regal-fortress-311412/regions/us-west3/subnetworks/default",
              "https://www.googleapis.com/compute/v1/projects/regal-fortress-311412/regions/europe-central2/subnetworks/default",
              "https://www.googleapis.com/compute/v1/projects/regal-fortress-311412/regions/europe-west3/subnetworks/default",
              "https://www.googleapis.com/compute/v1/projects/regal-fortress-311412/regions/us-central1/subnetworks/default",
              "https://www.googleapis.com/compute/v1/projects/regal-fortress-311412/regions/europe-west3/subnetworks/aet-europewest3-app--con-sbnt",
              "https://www.googleapis.com/compute/v1/projects/regal-fortress-311412/regions/australia-southeast1/subnetworks/default"
            ]
          },
          "sensitive_attributes": []
        }
      ]
    },
    {
      "mode": "managed",
      "type": "google_app_engine_standard_app_version",
      "name": "my_app",
      "provider": "provider[\"registry.terraform.io/hashicorp/google\"]",
      "instances": [
        {
          "schema_version": 0,
          "attributes": {
            "automatic_scaling": [],
            "basic_scaling": [],
            "delete_service_on_destroy": true,
            "deployment": [
              {
                "files": [],
                "zip": [
                  {
                    "files_count": 0,
                    "source_url": "https://storage.googleapis.com/myapp-regal-fortress-311412/myapp-object"
                  }
                ]
              }
            ],
            "entrypoint": [
              {
                "shell": "gunicorn -b :$PORT main:app"
              }
            ],
            "env_variables": {
              "REDISHOST": "10.56.201.251",
              "REDISPORT": "6379"
            },
            "handlers": [
              {
                "auth_fail_action": "AUTH_FAIL_ACTION_REDIRECT",
                "login": "LOGIN_OPTIONAL",
                "redirect_http_response_code": "",
                "script": [
                  {
                    "script_path": "auto"
                  }
                ],
                "security_level": "SECURE_OPTIONAL",
                "static_files": [],
                "url_regex": ".*"
              }
            ],
            "id": "apps/regal-fortress-311412/services/myapp/versions/v1",
            "inbound_services": null,
            "instance_class": "F1",
            "libraries": [],
            "manual_scaling": [],
            "name": "apps/regal-fortress-311412/services/myapp/versions/v1",
            "noop_on_destroy": false,
            "project": "regal-fortress-311412",
            "runtime": "python38",
            "runtime_api_version": "",
            "service": "myapp",
            "threadsafe": null,
            "timeouts": null,
            "version_id": "v1",
            "vpc_access_connector": [
              {
                "name": "projects/regal-fortress-311412/locations/europe-west3/connectors/app-con"
              }
            ]
          },
          "sensitive_attributes": [],
          "private": "eyJlMmJmYjczMC1lY2FhLTExZTYtOGY4OC0zNDM2M2JjN2M0YzAiOnsiY3JlYXRlIjoyNDAwMDAwMDAwMDAsImRlbGV0ZSI6MjQwMDAwMDAwMDAwLCJ1cGRhdGUiOjI0MDAwMDAwMDAwMH19",
          "dependencies": [
            "google_redis_instance.redis",
            "google_storage_bucket.bucket",
            "google_storage_bucket_object.object",
            "google_vpc_access_connector.connector"
          ]
        }
      ]
    },
    {
      "mode": "managed",
      "type": "google_redis_instance",
      "name": "redis",
      "provider": "provider[\"registry.terraform.io/hashicorp/google\"]",
      "instances": [
        {
          "schema_version": 0,
          "attributes": {
            "alternative_location_id": "",
            "auth_enabled": false,
            "auth_string": "",
            "authorized_network": "projects/regal-fortress-311412/global/networks/default",
            "connect_mode": "DIRECT_PEERING",
            "create_time": "2021-04-23T09:16:34.268511983Z",
            "current_location_id": "europe-west3-a",
            "display_name": "",
            "host": "10.56.201.251",
            "id": "projects/regal-fortress-311412/locations/europe-west3/instances/app-redis",
            "labels": {},
            "location_id": "europe-west3-a",
            "memory_size_gb": 1,
            "name": "app-redis",
            "persistence_iam_identity": "serviceAccount:504081819584-compute@developer.gserviceaccount.com",
            "port": 6379,
            "project": "regal-fortress-311412",
            "redis_configs": {},
            "redis_version": "REDIS_5_0",
            "region": "europe-west3",
            "reserved_ip_range": "10.56.201.248/29",
            "tier": "BASIC",
            "timeouts": null
          },
          "sensitive_attributes": [],
          "private": "eyJlMmJmYjczMC1lY2FhLTExZTYtOGY4OC0zNDM2M2JjN2M0YzAiOnsiY3JlYXRlIjo2MDAwMDAwMDAwMDAsImRlbGV0ZSI6NjAwMDAwMDAwMDAwLCJ1cGRhdGUiOjYwMDAwMDAwMDAwMH19",
          "dependencies": [
            "data.google_compute_network.network"
          ]
        }
      ]
    },
    {
      "mode": "managed",
      "type": "google_storage_bucket",
      "name": "bucket",
      "provider": "provider[\"registry.terraform.io/hashicorp/google\"]",
      "instances": [
        {
          "schema_version": 0,
          "attributes": {
            "bucket_policy_only": false,
            "cors": [],
            "default_event_based_hold": false,
            "encryption": [],
            "force_destroy": false,
            "id": "myapp-regal-fortress-311412",
            "labels": {},
            "lifecycle_rule": [],
            "location": "US",
            "logging": [],
            "name": "myapp-regal-fortress-311412",
            "project": "regal-fortress-311412",
            "requester_pays": false,
            "retention_policy": [],
            "self_link": "https://www.googleapis.com/storage/v1/b/myapp-regal-fortress-311412",
            "storage_class": "STANDARD",
            "uniform_bucket_level_access": false,
            "url": "gs://myapp-regal-fortress-311412",
            "versioning": [],
            "website": []
          },
          "sensitive_attributes": [],
          "private": "bnVsbA=="
        }
      ]
    },
    {
      "mode": "managed",
      "type": "google_storage_bucket_object",
      "name": "object",
      "provider": "provider[\"registry.terraform.io/hashicorp/google\"]",
      "instances": [
        {
          "schema_version": 0,
          "attributes": {
            "bucket": "myapp-regal-fortress-311412",
            "cache_control": "",
            "content": null,
            "content_disposition": "",
            "content_encoding": "",
            "content_language": "",
            "content_type": "application/zip",
            "crc32c": "wG6t3w==",
            "detect_md5hash": "daCQg9FCO+oyVJx49FAO+Q==",
            "id": "myapp-regal-fortress-311412-myapp-object",
            "kms_key_name": "",
            "md5hash": "daCQg9FCO+oyVJx49FAO+Q==",
            "media_link": "https://storage.googleapis.com/download/storage/v1/b/myapp-regal-fortress-311412/o/myapp-object?generation=1619173125642318\u0026alt=media",
            "metadata": {},
            "name": "myapp-object",
            "output_name": "myapp-object",
            "self_link": "https://www.googleapis.com/storage/v1/b/myapp-regal-fortress-311412/o/myapp-object",
            "source": "visitors.zip",
            "storage_class": "STANDARD"
          },
          "sensitive_attributes": [],
          "private": "bnVsbA==",
          "dependencies": [
            "google_storage_bucket.bucket"
          ]
        }
      ]
    },
    {
      "mode": "managed",
      "type": "google_vpc_access_connector",
      "name": "connector",
      "provider": "provider[\"registry.terraform.io/hashicorp/google\"]",
      "instances": [
        {
          "schema_version": 0,
          "attributes": {
            "id": "projects/regal-fortress-311412/locations/europe-west3/connectors/app-con",
            "ip_cidr_range": "10.8.0.0/28",
            "max_throughput": 300,
            "min_throughput": 200,
            "name": "app-con",
            "network": "default",
            "project": "regal-fortress-311412",
            "region": null,
            "self_link": "projects/regal-fortress-311412/locations/europe-west3/connectors/app-con",
            "state": "READY",
            "timeouts": null
          },
          "sensitive_attributes": [],
          "private": "eyJlMmJmYjczMC1lY2FhLTExZTYtOGY4OC0zNDM2M2JjN2M0YzAiOnsiY3JlYXRlIjozNjAwMDAwMDAwMDAsImRlbGV0ZSI6NjAwMDAwMDAwMDAwfX0=",
          "dependencies": [
            "data.google_compute_network.network"
          ]
        }
      ]
    }
  ]
}
